
Microsoft Visual Studio Solution File, Format Version 12.00
# Visual Studio Version 17
VisualStudioVersion = 17.8.34330.188
MinimumVisualStudioVersion = 10.0.40219.1
Project("{FAE04EC0-301F-11D3-BF4B-00C04F79EFBC}") = "ABC_car_traders", "ABC_car_traders.csproj", "{D9FDF063-DBC2-4118-BFCA-3BD0A865022D}"
EndProject
Global
	GlobalSection(SolutionConfigurationPlatforms) = preSolution
		Debug|Any CPU = Debug|Any CPU
		Release|Any CPU = Release|Any CPU
	EndGlobalSection
	GlobalSection(ProjectConfigurationPlatforms) = postSolution
		{D9FDF063-DBC2-4118-BFCA-3BD0A865022D}.Debug|Any CPU.ActiveCfg = Debug|Any CPU
		{D9FDF063-DBC2-4118-BFCA-3BD0A865022D}.Debug|Any CPU.Build.0 = Debug|Any CPU
		{D9FDF063-DBC2-4118-BFCA-3BD0A865022D}.Release|Any CPU.ActiveCfg = Release|Any CPU
		{D9FDF063-DBC2-4118-BFCA-3BD0A865022D}.Release|Any CPU.Build.0 = Release|Any CPU
	EndGlobalSection
	GlobalSection(SolutionProperties) = preSolution
		HideSolutionNode = FALSE
	EndGlobalSection
	GlobalSection(ExtensibilityGlobals) = postSolution
		SolutionGuid = {3E077337-28B5-4030-BD80-6098B8D099FF}
	EndGlobalSection
EndGlobal
